
Microsoft Visual Studio Solution File, Format Version 12.00
# Visual Studio Version 17
VisualStudioVersion = 17.5.33530.505
MinimumVisualStudioVersion = 10.0.40219.1
Project("{9A19103F-16F7-4668-BE54-9A1E7A4F7556}") = "PointFour", "PointFour.csproj", "{03A775F8-1A7E-45F6-9851-99051B63B960}"
EndProject
Global
	GlobalSection(SolutionConfigurationPlatforms) = preSolution
		Debug|Any CPU = Debug|Any CPU
		Release|Any CPU = Release|Any CPU
	EndGlobalSection
	GlobalSection(ProjectConfigurationPlatforms) = postSolution
		{03A775F8-1A7E-45F6-9851-99051B63B960}.Debug|Any CPU.ActiveCfg = Debug|Any CPU
		{03A775F8-1A7E-45F6-9851-99051B63B960}.Debug|Any CPU.Build.0 = Debug|Any CPU
		{03A775F8-1A7E-45F6-9851-99051B63B960}.Release|Any CPU.ActiveCfg = Release|Any CPU
		{03A775F8-1A7E-45F6-9851-99051B63B960}.Release|Any CPU.Build.0 = Release|Any CPU
	EndGlobalSection
	GlobalSection(SolutionProperties) = preSolution
		HideSolutionNode = FALSE
	EndGlobalSection
	GlobalSection(ExtensibilityGlobals) = postSolution
		SolutionGuid = {3B72DDB1-73D8-4863-8F0E-54630503ED19}
	EndGlobalSection
EndGlobal
